// !$*UTF8*$!
{
  archiveVersion = 1;
  classes = {};
  objectVersion = 56;
  objects = {

/* Begin PBXBuildFile section */
    AAF0B0010000000000000001 /* ContentView.swift in Sources */ = {isa = PBXBuildFile; fileRef = AAF0AF011000000000000001 /* ContentView.swift */; };
    AAF0B0020000000000000001 /* AppDelegate.swift in Sources */ = {isa = PBXBuildFile; fileRef = AAF0AF021000000000000001 /* AppDelegate.swift */; };
/* End PBXBuildFile section */

/* Begin PBXFileReference section */
    AAF0AF011000000000000001 /* ContentView.swift */ = {isa = PBXFileReference; lastKnownFileType = sourcecode.swift; path = ContentView.swift; sourceTree = "<group>"; };
    AAF0AF021000000000000001 /* AppDelegate.swift */ = {isa = PBXFileReference; lastKnownFileType = sourcecode.swift; path = AppDelegate.swift; sourceTree = "<group>"; };
    AAF0AF031000000000000001 /* Info.plist */ = {isa = PBXFileReference; lastKnownFileType = text.plist.xml; path = Info.plist; sourceTree = "<group>"; };
    AAF0AF041000000000000001 /* Audiobooks.app */ = {isa = PBXFileReference; explicitFileType = wrapper.application; includeInIndex = 0; path = Audiobooks.app; sourceTree = BUILT_PRODUCTS_DIR; };
/* End PBXFileReference section */

/* Begin PBXGroup section */
    AAF0AE001000000000000001 = {
      isa = PBXGroup;
      children = (
        AAF0AF011000000000000001 /* ContentView.swift */,
        AAF0AF021000000000000001 /* AppDelegate.swift */,
        AAF0AF031000000000000001 /* Info.plist */,
        AAF0AE051000000000000001 /* Products */,
      );
      sourceTree = "<group>";
    };
    AAF0AE051000000000000001 /* Products */ = {
      isa = PBXGroup;
      children = (
        AAF0AF041000000000000001 /* Audiobooks.app */,
      );
      name = Products;
      sourceTree = "<group>";
    };
/* End PBXGroup section */

/* Begin PBXNativeTarget section */
    AAF0AD001000000000000001 /* Audiobooks */ = {
      isa = PBXNativeTarget;
      buildConfigurationList = AAF0AC051000000000000001 /* Build configuration list for PBXNativeTarget "Audiobooks" */;
      buildPhases = (
        AAF0AB011000000000000001 /* Sources */,
        AAF0AB021000000000000001 /* Frameworks */,
        AAF0AB031000000000000001 /* Resources */,
      );
      buildRules = ();
      dependencies = ();
      name = Audiobooks;
      productName = Audiobooks;
      productReference = AAF0AF041000000000000001 /* Audiobooks.app */;
      productType = "com.apple.product-type.application";
    };
/* End PBXNativeTarget section */

/* Begin PBXProject section */
    AAF0AA001000000000000001 /* Project object */ = {
      isa = PBXProject;
      attributes = {
        LastUpgradeCheck = 1640;
        TargetAttributes = {
          AAF0AD001000000000000001 = {
            CreatedOnToolsVersion = 16.4;
            DevelopmentTeam = CW6VS28729;
          };
        };
      };
      buildConfigurationList = AAF0A9051000000000000001 /* Build configuration list for PBXProject "Audiobooks" */;
      compatibilityVersion = "Xcode 14.0";
      developmentRegion = en;
      hasScannedForEncodings = 0;
      knownRegions = (
        en,
        Base,
      );
      mainGroup = AAF0AE001000000000000001;
      productRefGroup = AAF0AE051000000000000001 /* Products */;
      projectDirPath = "";
      projectRoot = "";
      targets = (
        AAF0AD001000000000000001 /* Audiobooks */,
      );
    };
/* End PBXProject section */

/* Begin PBXSourcesBuildPhase section */
    AAF0AB011000000000000001 /* Sources */ = {
      isa = PBXSourcesBuildPhase;
      files = (
        AAF0B0010000000000000001 /* ContentView.swift in Sources */,
        AAF0B0020000000000000001 /* AppDelegate.swift in Sources */,
      );
    };
/* End PBXSourcesBuildPhase section */

/* Begin PBXFrameworksBuildPhase section */
    AAF0AB021000000000000001 /* Frameworks */ = {
      isa = PBXFrameworksBuildPhase;
      files = (
      );
    };
/* End PBXFrameworksBuildPhase section */

/* Begin PBXResourcesBuildPhase section */
    AAF0AB031000000000000001 /* Resources */ = {
      isa = PBXResourcesBuildPhase;
      files = (
      );
    };
/* End PBXResourcesBuildPhase section */

/* Begin XCBuildConfiguration section */
/* Project-level configs */
    AAF0A9011000000000000001 /* Debug */ = {
      isa = XCBuildConfiguration;
      buildSettings = {
        ALWAYS_SEARCH_USER_PATHS = NO;
        CLANG_ENABLE_MODULES = YES;
        DEVELOPMENT_TEAM = CW6VS28729;
        IPHONEOS_DEPLOYMENT_TARGET = 16.0;
        SWIFT_VERSION = 5.0;
        SDKROOT = iphoneos;
      };
      name = Debug;
    };
    AAF0A9021000000000000001 /* Release */ = {
      isa = XCBuildConfiguration;
      buildSettings = {
        ALWAYS_SEARCH_USER_PATHS = NO;
        CLANG_ENABLE_MODULES = YES;
        DEVELOPMENT_TEAM = CW6VS28729;
        IPHONEOS_DEPLOYMENT_TARGET = 16.0;
        SWIFT_VERSION = 5.0;
        SDKROOT = iphoneos;
      };
      name = Release;
    };

/* Target-level configs */
    AAF0AC011000000000000001 /* Debug */ = {
      isa = XCBuildConfiguration;
      buildSettings = {
        ALWAYS_SEARCH_USER_PATHS = NO;
        ASSETCATALOG_COMPILER_APPICON_NAME = AppIcon;
        CODE_SIGN_STYLE = Automatic;
        DEVELOPMENT_TEAM = CW6VS28729;
        INFOPLIST_FILE = Info.plist;
        IPHONEOS_DEPLOYMENT_TARGET = 16.0;
        LD_RUNPATH_SEARCH_PATHS = "$(inherited) @executable_path/Frameworks";
        PRODUCT_BUNDLE_IDENTIFIER = com.example.audiobooks;
        PRODUCT_NAME = Audiobooks;
        SWIFT_VERSION = 5.0;
        TARGETED_DEVICE_FAMILY = "1,2";
      };
      name = Debug;
    };
    AAF0AC021000000000000001 /* Release */ = {
      isa = XCBuildConfiguration;
      buildSettings = {
        ALWAYS_SEARCH_USER_PATHS = NO;
        ASSETCATALOG_COMPILER_APPICON_NAME = AppIcon;
        CODE_SIGN_STYLE = Automatic;
        DEVELOPMENT_TEAM = CW6VS28729;
        INFOPLIST_FILE = Info.plist;
        IPHONEOS_DEPLOYMENT_TARGET = 16.0;
        LD_RUNPATH_SEARCH_PATHS = "$(inherited) @executable_path/Frameworks";
        PRODUCT_BUNDLE_IDENTIFIER = com.example.audiobooks;
        PRODUCT_NAME = Audiobooks;
        SWIFT_VERSION = 5.0;
        TARGETED_DEVICE_FAMILY = "1,2";
      };
      name = Release;
    };
/* End XCBuildConfiguration section */

/* Begin XCConfigurationList section */
    AAF0A9051000000000000001 /* Build configuration list for PBXProject "Audiobooks" */ = {
      isa = XCConfigurationList;
      buildConfigurations = (
        AAF0A9011000000000000001 /* Debug */,
        AAF0A9021000000000000001 /* Release */,
      );
      defaultConfigurationIsVisible = 0;
      defaultConfigurationName = Release;
    };
    AAF0AC051000000000000001 /* Build configuration list for PBXNativeTarget "Audiobooks" */ = {
      isa = XCConfigurationList;
      buildConfigurations = (
        AAF0AC011000000000000001 /* Debug */,
        AAF0AC021000000000000001 /* Release */,
      );
      defaultConfigurationIsVisible = 0;
      defaultConfigurationName = Release;
    };
/* End XCConfigurationList section */

  };
  rootObject = AAF0AA001000000000000001 /* Project object */;
}
